
Microsoft Visual Studio Solution File, Format Version 12.00
# Visual Studio Version 17
VisualStudioVersion = 17.11.35312.102
MinimumVisualStudioVersion = 10.0.40219.1
Project("{FAE04EC0-301F-11D3-BF4B-00C04F79EFBC}") = "übung test stringverarbeitung IP Adresse", "übung test stringverarbeitung IP Adresse\übung test stringverarbeitung IP Adresse.csproj", "{152E1E26-CB1B-42B1-8B3C-89C5716D3E50}"
EndProject
Global
	GlobalSection(SolutionConfigurationPlatforms) = preSolution
		Debug|Any CPU = Debug|Any CPU
		Release|Any CPU = Release|Any CPU
	EndGlobalSection
	GlobalSection(ProjectConfigurationPlatforms) = postSolution
		{152E1E26-CB1B-42B1-8B3C-89C5716D3E50}.Debug|Any CPU.ActiveCfg = Debug|Any CPU
		{152E1E26-CB1B-42B1-8B3C-89C5716D3E50}.Debug|Any CPU.Build.0 = Debug|Any CPU
		{152E1E26-CB1B-42B1-8B3C-89C5716D3E50}.Release|Any CPU.ActiveCfg = Release|Any CPU
		{152E1E26-CB1B-42B1-8B3C-89C5716D3E50}.Release|Any CPU.Build.0 = Release|Any CPU
	EndGlobalSection
	GlobalSection(SolutionProperties) = preSolution
		HideSolutionNode = FALSE
	EndGlobalSection
	GlobalSection(ExtensibilityGlobals) = postSolution
		SolutionGuid = {FED50590-4070-40CC-AABA-7FECE5B44175}
	EndGlobalSection
EndGlobal
